
Microsoft Visual Studio Solution File, Format Version 12.00
# Visual Studio Version 17
VisualStudioVersion = 17.9.34714.143
MinimumVisualStudioVersion = 10.0.40219.1
Project("{FAE04EC0-301F-11D3-BF4B-00C04F79EFBC}") = "TablouInScara", "TablouInScara.csproj", "{E75D5FE7-6E27-4129-966D-BF6C3CF94854}"
EndProject
Global
	GlobalSection(SolutionConfigurationPlatforms) = preSolution
		Debug|Any CPU = Debug|Any CPU
		Release|Any CPU = Release|Any CPU
	EndGlobalSection
	GlobalSection(ProjectConfigurationPlatforms) = postSolution
		{E75D5FE7-6E27-4129-966D-BF6C3CF94854}.Debug|Any CPU.ActiveCfg = Debug|Any CPU
		{E75D5FE7-6E27-4129-966D-BF6C3CF94854}.Debug|Any CPU.Build.0 = Debug|Any CPU
		{E75D5FE7-6E27-4129-966D-BF6C3CF94854}.Release|Any CPU.ActiveCfg = Release|Any CPU
		{E75D5FE7-6E27-4129-966D-BF6C3CF94854}.Release|Any CPU.Build.0 = Release|Any CPU
	EndGlobalSection
	GlobalSection(SolutionProperties) = preSolution
		HideSolutionNode = FALSE
	EndGlobalSection
	GlobalSection(ExtensibilityGlobals) = postSolution
		SolutionGuid = {857E133A-8609-46B5-BAEA-A3EC798DCD3F}
	EndGlobalSection
EndGlobal
